# This file is autogenerated, do not edit; changes may be undone by the next 'dep ensure'.


[[projects]]
  name = "github.com/dave/jennifer"
  packages = ["jen"]
  revision = "94ad458fe2628ada73d7c7ed0ca2ceae79a4fbea"
  version = "v1.0.2"

[solve-meta]
  analyzer-name = "dep"
  analyzer-version = 1
  inputs-digest = "021e660021fdab8ebad935830757c05c87e9bf66ac4b3f1ae53a74c25a473daf"
  solver-name = "gps-cdcl"
  solver-version = 1
